
Microsoft Visual Studio Solution File, Format Version 12.00
# Visual Studio 15
Project("{FAE04EC0-301F-11D3-BF4B-00C04F79EFBC}") = "AllIn1SpriteShaderAssembly", "AllIn1SpriteShaderAssembly.csproj", "{31DD9DF4-E684-BB09-E1E2-C49F6684358B}"
EndProject
Project("{FAE04EC0-301F-11D3-BF4B-00C04F79EFBC}") = "Assembly-CSharp-Editor", "Assembly-CSharp-Editor.csproj", "{B4DC8A62-8A37-2E51-199D-E11C6511AD91}"
EndProject
Project("{FAE04EC0-301F-11D3-BF4B-00C04F79EFBC}") = "Assembly-CSharp", "Assembly-CSharp.csproj", "{306B9622-6474-0D19-83D7-B08F35872B12}"
EndProject
Global
	GlobalSection(SolutionConfigurationPlatforms) = preSolution
		Debug|Any CPU = Debug|Any CPU
		Release|Any CPU = Release|Any CPU
	EndGlobalSection
	GlobalSection(ProjectConfigurationPlatforms) = postSolution
		{31DD9DF4-E684-BB09-E1E2-C49F6684358B}.Debug|Any CPU.ActiveCfg = Debug|Any CPU
		{31DD9DF4-E684-BB09-E1E2-C49F6684358B}.Debug|Any CPU.Build.0 = Debug|Any CPU
		{31DD9DF4-E684-BB09-E1E2-C49F6684358B}.Release|Any CPU.ActiveCfg = Release|Any CPU
		{31DD9DF4-E684-BB09-E1E2-C49F6684358B}.Release|Any CPU.Build.0 = Release|Any CPU
		{B4DC8A62-8A37-2E51-199D-E11C6511AD91}.Debug|Any CPU.ActiveCfg = Debug|Any CPU
		{B4DC8A62-8A37-2E51-199D-E11C6511AD91}.Debug|Any CPU.Build.0 = Debug|Any CPU
		{B4DC8A62-8A37-2E51-199D-E11C6511AD91}.Release|Any CPU.ActiveCfg = Release|Any CPU
		{B4DC8A62-8A37-2E51-199D-E11C6511AD91}.Release|Any CPU.Build.0 = Release|Any CPU
		{306B9622-6474-0D19-83D7-B08F35872B12}.Debug|Any CPU.ActiveCfg = Debug|Any CPU
		{306B9622-6474-0D19-83D7-B08F35872B12}.Debug|Any CPU.Build.0 = Debug|Any CPU
		{306B9622-6474-0D19-83D7-B08F35872B12}.Release|Any CPU.ActiveCfg = Release|Any CPU
		{306B9622-6474-0D19-83D7-B08F35872B12}.Release|Any CPU.Build.0 = Release|Any CPU
	EndGlobalSection
	GlobalSection(SolutionProperties) = preSolution
		HideSolutionNode = FALSE
	EndGlobalSection
EndGlobal
